// !$*UTF8*$!
{
	archiveVersion = 1;
	classes = {
	};
	objectVersion = 46;
	objects = {

/* Begin PBXBuildFile section */
		526D16E81D9FAA2100E2C106 /* Home.storyboard in Resources */ = {isa = PBXBuildFile; fileRef = 526D16E61D9FAA2100E2C106 /* Home.storyboard */; };
		526D16EA1D9FAA6300E2C106 /* Live.storyboard in Resources */ = {isa = PBXBuildFile; fileRef = 526D16E91D9FAA6300E2C106 /* Live.storyboard */; };
		526D16ED1D9FAA8300E2C106 /* Follow.storyboard in Resources */ = {isa = PBXBuildFile; fileRef = 526D16EB1D9FAA8300E2C106 /* Follow.storyboard */; };
		526D16EF1D9FAA9200E2C106 /* Profile.storyboard in Resources */ = {isa = PBXBuildFile; fileRef = 526D16EE1D9FAA9200E2C106 /* Profile.storyboard */; };
		526D16F11D9FAE4200E2C106 /* HomeViewController.swift in Sources */ = {isa = PBXBuildFile; fileRef = 526D16F01D9FAE4200E2C106 /* HomeViewController.swift */; };
		52CB69D01D9F89C600DD87A2 /* AppDelegate.swift in Sources */ = {isa = PBXBuildFile; fileRef = 52CB69CF1D9F89C600DD87A2 /* AppDelegate.swift */; };
		52CB69D51D9F89C600DD87A2 /* Main.storyboard in Resources */ = {isa = PBXBuildFile; fileRef = 52CB69D31D9F89C600DD87A2 /* Main.storyboard */; };
		52CB69D71D9F89C600DD87A2 /* Assets.xcassets in Resources */ = {isa = PBXBuildFile; fileRef = 52CB69D61D9F89C600DD87A2 /* Assets.xcassets */; };
/* End PBXBuildFile section */

/* Begin PBXFileReference section */
		526D16E71D9FAA2100E2C106 /* Base */ = {isa = PBXFileReference; lastKnownFileType = file.storyboard; name = Base; path = Base.lproj/Home.storyboard; sourceTree = "<group>"; };
		526D16E91D9FAA6300E2C106 /* Live.storyboard */ = {isa = PBXFileReference; fileEncoding = 4; lastKnownFileType = file.storyboard; name = Live.storyboard; path = ../../Live.storyboard; sourceTree = "<group>"; };
		526D16EC1D9FAA8300E2C106 /* Base */ = {isa = PBXFileReference; lastKnownFileType = file.storyboard; name = Base; path = Base.lproj/Follow.storyboard; sourceTree = "<group>"; };
		526D16EE1D9FAA9200E2C106 /* Profile.storyboard */ = {isa = PBXFileReference; fileEncoding = 4; lastKnownFileType = file.storyboard; name = Profile.storyboard; path = ../../Profile.storyboard; sourceTree = "<group>"; };
		526D16F01D9FAE4200E2C106 /* HomeViewController.swift */ = {isa = PBXFileReference; fileEncoding = 4; lastKnownFileType = sourcecode.swift; path = HomeViewController.swift; sourceTree = "<group>"; };
		52CB69CC1D9F89C600DD87A2 /* WBTV.app */ = {isa = PBXFileReference; explicitFileType = wrapper.application; includeInIndex = 0; path = WBTV.app; sourceTree = BUILT_PRODUCTS_DIR; };
		52CB69CF1D9F89C600DD87A2 /* AppDelegate.swift */ = {isa = PBXFileReference; lastKnownFileType = sourcecode.swift; path = AppDelegate.swift; sourceTree = "<group>"; };
		52CB69D41D9F89C600DD87A2 /* Base */ = {isa = PBXFileReference; lastKnownFileType = file.storyboard; name = Base; path = Base.lproj/Main.storyboard; sourceTree = "<group>"; };
		52CB69D61D9F89C600DD87A2 /* Assets.xcassets */ = {isa = PBXFileReference; lastKnownFileType = folder.assetcatalog; path = Assets.xcassets; sourceTree = "<group>"; };
		52CB69DB1D9F89C600DD87A2 /* Info.plist */ = {isa = PBXFileReference; lastKnownFileType = text.plist.xml; path = Info.plist; sourceTree = "<group>"; };
/* End PBXFileReference section */

/* Begin PBXFrameworksBuildPhase section */
		52CB69C91D9F89C600DD87A2 /* Frameworks */ = {
			isa = PBXFrameworksBuildPhase;
			buildActionMask = 2147483647;
			files = (
			);
			runOnlyForDeploymentPostprocessing = 0;
		};
/* End PBXFrameworksBuildPhase section */

/* Begin PBXGroup section */
		526D16DF1D9FA23100E2C106 /* Classes */ = {
			isa = PBXGroup;
			children = (
				526D16E01D9FA23100E2C106 /* Follow(关注) */,
				526D16E11D9FA23100E2C106 /* Home(首页) */,
				526D16E21D9FA23100E2C106 /* Live(直播) */,
				526D16E31D9FA23100E2C106 /* Main(主要) */,
				526D16E41D9FA23100E2C106 /* Profile(我的) */,
				526D16E51D9FA23100E2C106 /* Tools(工具) */,
			);
			path = Classes;
			sourceTree = "<group>";
		};
		526D16E01D9FA23100E2C106 /* Follow(关注) */ = {
			isa = PBXGroup;
			children = (
				526D16EB1D9FAA8300E2C106 /* Follow.storyboard */,
			);
			name = "Follow(关注)";
			path = Follow;
			sourceTree = "<group>";
		};
		526D16E11D9FA23100E2C106 /* Home(首页) */ = {
			isa = PBXGroup;
			children = (
				526D16E61D9FAA2100E2C106 /* Home.storyboard */,
				526D16F01D9FAE4200E2C106 /* HomeViewController.swift */,
			);
			name = "Home(首页)";
			path = Home;
			sourceTree = "<group>";
		};
		526D16E21D9FA23100E2C106 /* Live(直播) */ = {
			isa = PBXGroup;
			children = (
				526D16E91D9FAA6300E2C106 /* Live.storyboard */,
			);
			name = "Live(直播)";
			path = Live;
			sourceTree = "<group>";
		};
		526D16E31D9FA23100E2C106 /* Main(主要) */ = {
			isa = PBXGroup;
			children = (
				52CB69D31D9F89C600DD87A2 /* Main.storyboard */,
			);
			name = "Main(主要)";
			path = Main;
			sourceTree = "<group>";
		};
		526D16E41D9FA23100E2C106 /* Profile(我的) */ = {
			isa = PBXGroup;
			children = (
				526D16EE1D9FAA9200E2C106 /* Profile.storyboard */,
			);
			name = "Profile(我的)";
			path = Profile;
			sourceTree = "<group>";
		};
		526D16E51D9FA23100E2C106 /* Tools(工具) */ = {
			isa = PBXGroup;
			children = (
			);
			name = "Tools(工具)";
			path = Tools;
			sourceTree = "<group>";
		};
		52CB69C31D9F89C500DD87A2 = {
			isa = PBXGroup;
			children = (
				52CB69CE1D9F89C600DD87A2 /* WBTV */,
				52CB69CD1D9F89C600DD87A2 /* Products */,
			);
			sourceTree = "<group>";
		};
		52CB69CD1D9F89C600DD87A2 /* Products */ = {
			isa = PBXGroup;
			children = (
				52CB69CC1D9F89C600DD87A2 /* WBTV.app */,
			);
			name = Products;
			sourceTree = "<group>";
		};
		52CB69CE1D9F89C600DD87A2 /* WBTV */ = {
			isa = PBXGroup;
			children = (
				526D16DF1D9FA23100E2C106 /* Classes */,
				52CB69CF1D9F89C600DD87A2 /* AppDelegate.swift */,
				52CB69D61D9F89C600DD87A2 /* Assets.xcassets */,
				52CB69DB1D9F89C600DD87A2 /* Info.plist */,
			);
			path = WBTV;
			sourceTree = "<group>";
		};
/* End PBXGroup section */

/* Begin PBXNativeTarget section */
		52CB69CB1D9F89C600DD87A2 /* WBTV */ = {
			isa = PBXNativeTarget;
			buildConfigurationList = 52CB69DE1D9F89C600DD87A2 /* Build configuration list for PBXNativeTarget "WBTV" */;
			buildPhases = (
				52CB69C81D9F89C600DD87A2 /* Sources */,
				52CB69C91D9F89C600DD87A2 /* Frameworks */,
				52CB69CA1D9F89C600DD87A2 /* Resources */,
			);
			buildRules = (
			);
			dependencies = (
			);
			name = WBTV;
			productName = WBTV;
			productReference = 52CB69CC1D9F89C600DD87A2 /* WBTV.app */;
			productType = "com.apple.product-type.application";
		};
/* End PBXNativeTarget section */

/* Begin PBXProject section */
		52CB69C41D9F89C500DD87A2 /* Project object */ = {
			isa = PBXProject;
			attributes = {
				LastSwiftUpdateCheck = 0800;
				LastUpgradeCheck = 0800;
				ORGANIZATIONNAME = wb2lz;
				TargetAttributes = {
					52CB69CB1D9F89C600DD87A2 = {
						CreatedOnToolsVersion = 8.0;
						DevelopmentTeam = 8EZ2X7GSMS;
						ProvisioningStyle = Automatic;
					};
				};
			};
			buildConfigurationList = 52CB69C71D9F89C500DD87A2 /* Build configuration list for PBXProject "WBTV" */;
			compatibilityVersion = "Xcode 3.2";
			developmentRegion = English;
			hasScannedForEncodings = 0;
			knownRegions = (
				en,
				Base,
			);
			mainGroup = 52CB69C31D9F89C500DD87A2;
			productRefGroup = 52CB69CD1D9F89C600DD87A2 /* Products */;
			projectDirPath = "";
			projectRoot = "";
			targets = (
				52CB69CB1D9F89C600DD87A2 /* WBTV */,
			);
		};
/* End PBXProject section */

/* Begin PBXResourcesBuildPhase section */
		52CB69CA1D9F89C600DD87A2 /* Resources */ = {
			isa = PBXResourcesBuildPhase;
			buildActionMask = 2147483647;
			files = (
				526D16EF1D9FAA9200E2C106 /* Profile.storyboard in Resources */,
				526D16ED1D9FAA8300E2C106 /* Follow.storyboard in Resources */,
				526D16E81D9FAA2100E2C106 /* Home.storyboard in Resources */,
				52CB69D71D9F89C600DD87A2 /* Assets.xcassets in Resources */,
				526D16EA1D9FAA6300E2C106 /* Live.storyboard in Resources */,
				52CB69D51D9F89C600DD87A2 /* Main.storyboard in Resources */,
			);
			runOnlyForDeploymentPostprocessing = 0;
		};
/* End PBXResourcesBuildPhase section */

/* Begin PBXSourcesBuildPhase section */
		52CB69C81D9F89C600DD87A2 /* Sources */ = {
			isa = PBXSourcesBuildPhase;
			buildActionMask = 2147483647;
			files = (
				52CB69D01D9F89C600DD87A2 /* AppDelegate.swift in Sources */,
				526D16F11D9FAE4200E2C106 /* HomeViewController.swift in Sources */,
			);
			runOnlyForDeploymentPostprocessing = 0;
		};
/* End PBXSourcesBuildPhase section */

/* Begin PBXVariantGroup section */
		526D16E61D9FAA2100E2C106 /* Home.storyboard */ = {
			isa = PBXVariantGroup;
			children = (
				526D16E71D9FAA2100E2C106 /* Base */,
			);
			name = Home.storyboard;
			path = ../..;
			sourceTree = "<group>";
		};
		526D16EB1D9FAA8300E2C106 /* Follow.storyboard */ = {
			isa = PBXVariantGroup;
			children = (
				526D16EC1D9FAA8300E2C106 /* Base */,
			);
			name = Follow.storyboard;
			path = ../..;
			sourceTree = "<group>";
		};
		52CB69D31D9F89C600DD87A2 /* Main.storyboard */ = {
			isa = PBXVariantGroup;
			children = (
				52CB69D41D9F89C600DD87A2 /* Base */,
			);
			name = Main.storyboard;
			path = ../..;
			sourceTree = "<group>";
		};
/* End PBXVariantGroup section */

/* Begin XCBuildConfiguration section */
		52CB69DC1D9F89C600DD87A2 /* Debug */ = {
			isa = XCBuildConfiguration;
			buildSettings = {
				ALWAYS_SEARCH_USER_PATHS = NO;
				CLANG_ANALYZER_NONNULL = YES;
				CLANG_CXX_LANGUAGE_STANDARD = "gnu++0x";
				CLANG_CXX_LIBRARY = "libc++";
				CLANG_ENABLE_MODULES = YES;
				CLANG_ENABLE_OBJC_ARC = YES;
				CLANG_WARN_BOOL_CONVERSION = YES;
				CLANG_WARN_CONSTANT_CONVERSION = YES;
				CLANG_WARN_DIRECT_OBJC_ISA_USAGE = YES_ERROR;
				CLANG_WARN_DOCUMENTATION_COMMENTS = YES;
				CLANG_WARN_EMPTY_BODY = YES;
				CLANG_WARN_ENUM_CONVERSION = YES;
				CLANG_WARN_INFINITE_RECURSION = YES;
				CLANG_WARN_INT_CONVERSION = YES;
				CLANG_WARN_OBJC_ROOT_CLASS = YES_ERROR;
				CLANG_WARN_SUSPICIOUS_MOVES = YES;
				CLANG_WARN_UNREACHABLE_CODE = YES;
				CLANG_WARN__DUPLICATE_METHOD_MATCH = YES;
				"CODE_SIGN_IDENTITY[sdk=iphoneos*]" = "iPhone Developer";
				COPY_PHASE_STRIP = NO;
				DEBUG_INFORMATION_FORMAT = dwarf;
				ENABLE_STRICT_OBJC_MSGSEND = YES;
				ENABLE_TESTABILITY = YES;
				GCC_C_LANGUAGE_STANDARD = gnu99;
				GCC_DYNAMIC_NO_PIC = NO;
				GCC_NO_COMMON_BLOCKS = YES;
				GCC_OPTIMIZATION_LEVEL = 0;
				GCC_PREPROCESSOR_DEFINITIONS = (
					"DEBUG=1",
					"$(inherited)",
				);
				GCC_WARN_64_TO_32_BIT_CONVERSION = YES;
				GCC_WARN_ABOUT_RETURN_TYPE = YES_ERROR;
				GCC_WARN_UNDECLARED_SELECTOR = YES;
				GCC_WARN_UNINITIALIZED_AUTOS = YES_AGGRESSIVE;
				GCC_WARN_UNUSED_FUNCTION = YES;
				GCC_WARN_UNUSED_VARIABLE = YES;
				IPHONEOS_DEPLOYMENT_TARGET = 10.0;
				MTL_ENABLE_DEBUG_INFO = YES;
				ONLY_ACTIVE_ARCH = YES;
				SDKROOT = iphoneos;
				SWIFT_ACTIVE_COMPILATION_CONDITIONS = DEBUG;
				SWIFT_OPTIMIZATION_LEVEL = "-Onone";
			};
			name = Debug;
		};
		52CB69DD1D9F89C600DD87A2 /* Release */ = {
			isa = XCBuildConfiguration;
			buildSettings = {
				ALWAYS_SEARCH_USER_PATHS = NO;
				CLANG_ANALYZER_NONNULL = YES;
				CLANG_CXX_LANGUAGE_STANDARD = "gnu++0x";
				CLANG_CXX_LIBRARY = "libc++";
				CLANG_ENABLE_MODULES = YES;
				CLANG_ENABLE_OBJC_ARC = YES;
				CLANG_WARN_BOOL_CONVERSION = YES;
				CLANG_WARN_CONSTANT_CONVERSION = YES;
				CLANG_WARN_DIRECT_OBJC_ISA_USAGE = YES_ERROR;
				CLANG_WARN_DOCUMENTATION_COMMENTS = YES;
				CLANG_WARN_EMPTY_BODY = YES;
				CLANG_WARN_ENUM_CONVERSION = YES;
				CLANG_WARN_INFINITE_RECURSION = YES;
				CLANG_WARN_INT_CONVERSION = YES;
				CLANG_WARN_OBJC_ROOT_CLASS = YES_ERROR;
				CLANG_WARN_SUSPICIOUS_MOVES = YES;
				CLANG_WARN_UNREACHABLE_CODE = YES;
				CLANG_WARN__DUPLICATE_METHOD_MATCH = YES;
				"CODE_SIGN_IDENTITY[sdk=iphoneos*]" = "iPhone Developer";
				COPY_PHASE_STRIP = NO;
				DEBUG_INFORMATION_FORMAT = "dwarf-with-dsym";
				ENABLE_NS_ASSERTIONS = NO;
				ENABLE_STRICT_OBJC_MSGSEND = YES;
				GCC_C_LANGUAGE_STANDARD = gnu99;
				GCC_NO_COMMON_BLOCKS = YES;
				GCC_WARN_64_TO_32_BIT_CONVERSION = YES;
				GCC_WARN_ABOUT_RETURN_TYPE = YES_ERROR;
				GCC_WARN_UNDECLARED_SELECTOR = YES;
				GCC_WARN_UNINITIALIZED_AUTOS = YES_AGGRESSIVE;
				GCC_WARN_UNUSED_FUNCTION = YES;
				GCC_WARN_UNUSED_VARIABLE = YES;
				IPHONEOS_DEPLOYMENT_TARGET = 10.0;
				MTL_ENABLE_DEBUG_INFO = NO;
				SDKROOT = iphoneos;
				SWIFT_OPTIMIZATION_LEVEL = "-Owholemodule";
				VALIDATE_PRODUCT = YES;
			};
			name = Release;
		};
		52CB69DF1D9F89C600DD87A2 /* Debug */ = {
			isa = XCBuildConfiguration;
			buildSettings = {
				ASSETCATALOG_COMPILER_APPICON_NAME = AppIcon;
				ASSETCATALOG_COMPILER_LAUNCHIMAGE_NAME = LaunchImage;
				DEVELOPMENT_TEAM = 8EZ2X7GSMS;
				INFOPLIST_FILE = WBTV/Info.plist;
				IPHONEOS_DEPLOYMENT_TARGET = 9.0;
				LD_RUNPATH_SEARCH_PATHS = "$(inherited) @executable_path/Frameworks";
				PRODUCT_BUNDLE_IDENTIFIER = com.dpoint.WBTV;
				PRODUCT_NAME = "$(TARGET_NAME)";
				SWIFT_VERSION = 3.0;
			};
			name = Debug;
		};
		52CB69E01D9F89C600DD87A2 /* Release */ = {
			isa = XCBuildConfiguration;
			buildSettings = {
				ASSETCATALOG_COMPILER_APPICON_NAME = AppIcon;
				ASSETCATALOG_COMPILER_LAUNCHIMAGE_NAME = LaunchImage;
				DEVELOPMENT_TEAM = 8EZ2X7GSMS;
				INFOPLIST_FILE = WBTV/Info.plist;
				IPHONEOS_DEPLOYMENT_TARGET = 9.0;
				LD_RUNPATH_SEARCH_PATHS = "$(inherited) @executable_path/Frameworks";
				PRODUCT_BUNDLE_IDENTIFIER = com.dpoint.WBTV;
				PRODUCT_NAME = "$(TARGET_NAME)";
				SWIFT_VERSION = 3.0;
			};
			name = Release;
		};
/* End XCBuildConfiguration section */

/* Begin XCConfigurationList section */
		52CB69C71D9F89C500DD87A2 /* Build configuration list for PBXProject "WBTV" */ = {
			isa = XCConfigurationList;
			buildConfigurations = (
				52CB69DC1D9F89C600DD87A2 /* Debug */,
				52CB69DD1D9F89C600DD87A2 /* Release */,
			);
			defaultConfigurationIsVisible = 0;
			defaultConfigurationName = Release;
		};
		52CB69DE1D9F89C600DD87A2 /* Build configuration list for PBXNativeTarget "WBTV" */ = {
			isa = XCConfigurationList;
			buildConfigurations = (
				52CB69DF1D9F89C600DD87A2 /* Debug */,
				52CB69E01D9F89C600DD87A2 /* Release */,
			);
			defaultConfigurationIsVisible = 0;
			defaultConfigurationName = Release;
		};
/* End XCConfigurationList section */
	};
	rootObject = 52CB69C41D9F89C500DD87A2 /* Project object */;
}
